
Microsoft Visual Studio Solution File, Format Version 12.00
# Visual Studio Version 17
VisualStudioVersion = 17.7.34018.315
MinimumVisualStudioVersion = 10.0.40219.1
Project("{8BC9CEB8-8B4A-11D0-8D11-00A0C91BC942}") = "courierTrackingSystem", "courierTrackingSystem.vcxproj", "{555E47D9-E124-4B60-9C14-6D39272AB3DD}"
EndProject
Global
	GlobalSection(SolutionConfigurationPlatforms) = preSolution
		Debug|x64 = Debug|x64
		Debug|x86 = Debug|x86
		Release|x64 = Release|x64
		Release|x86 = Release|x86
	EndGlobalSection
	GlobalSection(ProjectConfigurationPlatforms) = postSolution
		{555E47D9-E124-4B60-9C14-6D39272AB3DD}.Debug|x64.ActiveCfg = Debug|x64
		{555E47D9-E124-4B60-9C14-6D39272AB3DD}.Debug|x64.Build.0 = Debug|x64
		{555E47D9-E124-4B60-9C14-6D39272AB3DD}.Debug|x86.ActiveCfg = Debug|Win32
		{555E47D9-E124-4B60-9C14-6D39272AB3DD}.Debug|x86.Build.0 = Debug|Win32
		{555E47D9-E124-4B60-9C14-6D39272AB3DD}.Release|x64.ActiveCfg = Release|x64
		{555E47D9-E124-4B60-9C14-6D39272AB3DD}.Release|x64.Build.0 = Release|x64
		{555E47D9-E124-4B60-9C14-6D39272AB3DD}.Release|x86.ActiveCfg = Release|Win32
		{555E47D9-E124-4B60-9C14-6D39272AB3DD}.Release|x86.Build.0 = Release|Win32
	EndGlobalSection
	GlobalSection(SolutionProperties) = preSolution
		HideSolutionNode = FALSE
	EndGlobalSection
	GlobalSection(ExtensibilityGlobals) = postSolution
		SolutionGuid = {D42F8C56-D614-4F08-9C31-35BDAC9C0956}
	EndGlobalSection
EndGlobal
